
Microsoft Visual Studio Solution File, Format Version 12.00
# Visual Studio Version 17
VisualStudioVersion = 17.10.35027.167
MinimumVisualStudioVersion = 10.0.40219.1
Project("{FAE04EC0-301F-11D3-BF4B-00C04F79EFBC}") = "State", "State\State.csproj", "{AB766001-FCED-4256-8BF2-224948350D5F}"
EndProject
Global
	GlobalSection(SolutionConfigurationPlatforms) = preSolution
		Debug|Any CPU = Debug|Any CPU
		Release|Any CPU = Release|Any CPU
	EndGlobalSection
	GlobalSection(ProjectConfigurationPlatforms) = postSolution
		{AB766001-FCED-4256-8BF2-224948350D5F}.Debug|Any CPU.ActiveCfg = Debug|Any CPU
		{AB766001-FCED-4256-8BF2-224948350D5F}.Debug|Any CPU.Build.0 = Debug|Any CPU
		{AB766001-FCED-4256-8BF2-224948350D5F}.Release|Any CPU.ActiveCfg = Release|Any CPU
		{AB766001-FCED-4256-8BF2-224948350D5F}.Release|Any CPU.Build.0 = Release|Any CPU
	EndGlobalSection
	GlobalSection(SolutionProperties) = preSolution
		HideSolutionNode = FALSE
	EndGlobalSection
	GlobalSection(ExtensibilityGlobals) = postSolution
		SolutionGuid = {24B74772-0833-4B61-AA65-EDA107E339B2}
	EndGlobalSection
EndGlobal
