
Microsoft Visual Studio Solution File, Format Version 12.00
# Visual Studio Version 17
VisualStudioVersion = 17.10.35027.167
MinimumVisualStudioVersion = 10.0.40219.1
Project("{FAE04EC0-301F-11D3-BF4B-00C04F79EFBC}") = "Pattern_Chain of Responsibility_XinNghiPhep", "Pattern_Chain of Responsibility_XinNghiPhep\Pattern_Chain of Responsibility_XinNghiPhep.csproj", "{D2FA3100-EEEC-42B9-8267-74358032CCCB}"
EndProject
Global
	GlobalSection(SolutionConfigurationPlatforms) = preSolution
		Debug|Any CPU = Debug|Any CPU
		Release|Any CPU = Release|Any CPU
	EndGlobalSection
	GlobalSection(ProjectConfigurationPlatforms) = postSolution
		{D2FA3100-EEEC-42B9-8267-74358032CCCB}.Debug|Any CPU.ActiveCfg = Debug|Any CPU
		{D2FA3100-EEEC-42B9-8267-74358032CCCB}.Debug|Any CPU.Build.0 = Debug|Any CPU
		{D2FA3100-EEEC-42B9-8267-74358032CCCB}.Release|Any CPU.ActiveCfg = Release|Any CPU
		{D2FA3100-EEEC-42B9-8267-74358032CCCB}.Release|Any CPU.Build.0 = Release|Any CPU
	EndGlobalSection
	GlobalSection(SolutionProperties) = preSolution
		HideSolutionNode = FALSE
	EndGlobalSection
	GlobalSection(ExtensibilityGlobals) = postSolution
		SolutionGuid = {2B55680E-D57F-4642-B214-0922B4012A3A}
	EndGlobalSection
EndGlobal
