
Microsoft Visual Studio Solution File, Format Version 12.00
# Visual Studio Version 17
VisualStudioVersion = 17.10.35027.167
MinimumVisualStudioVersion = 10.0.40219.1
Project("{FAE04EC0-301F-11D3-BF4B-00C04F79EFBC}") = "Structural", "Structural\Structural.csproj", "{BD152DE6-2531-43C9-8A1E-C35C42FEF6A3}"
EndProject
Global
	GlobalSection(SolutionConfigurationPlatforms) = preSolution
		Debug|Any CPU = Debug|Any CPU
		Release|Any CPU = Release|Any CPU
	EndGlobalSection
	GlobalSection(ProjectConfigurationPlatforms) = postSolution
		{BD152DE6-2531-43C9-8A1E-C35C42FEF6A3}.Debug|Any CPU.ActiveCfg = Debug|Any CPU
		{BD152DE6-2531-43C9-8A1E-C35C42FEF6A3}.Debug|Any CPU.Build.0 = Debug|Any CPU
		{BD152DE6-2531-43C9-8A1E-C35C42FEF6A3}.Release|Any CPU.ActiveCfg = Release|Any CPU
		{BD152DE6-2531-43C9-8A1E-C35C42FEF6A3}.Release|Any CPU.Build.0 = Release|Any CPU
	EndGlobalSection
	GlobalSection(SolutionProperties) = preSolution
		HideSolutionNode = FALSE
	EndGlobalSection
	GlobalSection(ExtensibilityGlobals) = postSolution
		SolutionGuid = {29B9C549-121E-4B2C-BBC5-5D28EE2F3DB3}
	EndGlobalSection
EndGlobal
