
Microsoft Visual Studio Solution File, Format Version 12.00
# Visual Studio Version 17
VisualStudioVersion = 17.13.35825.156 d17.13
MinimumVisualStudioVersion = 10.0.40219.1
Project("{FAE04EC0-301F-11D3-BF4B-00C04F79EFBC}") = "DPM225490_NguyễnThịHuỳnhTrân_Patten11_Flyweight", "DPM225490_NguyễnThịHuỳnhTrân_Patten11_Flyweight\DPM225490_NguyễnThịHuỳnhTrân_Patten11_Flyweight.csproj", "{81EB0481-CD58-4F98-927F-CD441B3052B8}"
EndProject
Project("{FAE04EC0-301F-11D3-BF4B-00C04F79EFBC}") = "DPM225490_NguyễnThịHuỳnhTrân_Real11_Flyweight", "..\DPM225490_NguyễnThịHuỳnhTrân_Real11_Flyweight\DPM225490_NguyễnThịHuỳnhTrân_Real11_Flyweight.csproj", "{37244692-9059-4E49-9A5F-68B53B270757}"
EndProject
Project("{FAE04EC0-301F-11D3-BF4B-00C04F79EFBC}") = "DPM225490_NguyễnThịHuỳnhTrân_MyWorld11_ChessPieces", "..\DPM225490_NguyễnThịHuỳnhTrân_MyWorld11_ChessPieces\DPM225490_NguyễnThịHuỳnhTrân_MyWorld11_ChessPieces.csproj", "{7CE76BF3-0A58-49F3-9EC3-0F6A97CF129B}"
EndProject
Global
	GlobalSection(SolutionConfigurationPlatforms) = preSolution
		Debug|Any CPU = Debug|Any CPU
		Release|Any CPU = Release|Any CPU
	EndGlobalSection
	GlobalSection(ProjectConfigurationPlatforms) = postSolution
		{81EB0481-CD58-4F98-927F-CD441B3052B8}.Debug|Any CPU.ActiveCfg = Debug|Any CPU
		{81EB0481-CD58-4F98-927F-CD441B3052B8}.Debug|Any CPU.Build.0 = Debug|Any CPU
		{81EB0481-CD58-4F98-927F-CD441B3052B8}.Release|Any CPU.ActiveCfg = Release|Any CPU
		{81EB0481-CD58-4F98-927F-CD441B3052B8}.Release|Any CPU.Build.0 = Release|Any CPU
		{37244692-9059-4E49-9A5F-68B53B270757}.Debug|Any CPU.ActiveCfg = Debug|Any CPU
		{37244692-9059-4E49-9A5F-68B53B270757}.Debug|Any CPU.Build.0 = Debug|Any CPU
		{37244692-9059-4E49-9A5F-68B53B270757}.Release|Any CPU.ActiveCfg = Release|Any CPU
		{37244692-9059-4E49-9A5F-68B53B270757}.Release|Any CPU.Build.0 = Release|Any CPU
		{7CE76BF3-0A58-49F3-9EC3-0F6A97CF129B}.Debug|Any CPU.ActiveCfg = Debug|Any CPU
		{7CE76BF3-0A58-49F3-9EC3-0F6A97CF129B}.Debug|Any CPU.Build.0 = Debug|Any CPU
		{7CE76BF3-0A58-49F3-9EC3-0F6A97CF129B}.Release|Any CPU.ActiveCfg = Release|Any CPU
		{7CE76BF3-0A58-49F3-9EC3-0F6A97CF129B}.Release|Any CPU.Build.0 = Release|Any CPU
	EndGlobalSection
	GlobalSection(SolutionProperties) = preSolution
		HideSolutionNode = FALSE
	EndGlobalSection
	GlobalSection(ExtensibilityGlobals) = postSolution
		SolutionGuid = {04935356-FFAD-49E9-B2FD-CC757CC9B1C7}
	EndGlobalSection
EndGlobal
