
Microsoft Visual Studio Solution File, Format Version 12.00
# Visual Studio Version 17
VisualStudioVersion = 17.10.35027.167
MinimumVisualStudioVersion = 10.0.40219.1
Project("{FAE04EC0-301F-11D3-BF4B-00C04F79EFBC}") = "Pattern_Mediator", "Pattern_Mediator\Pattern_Mediator.csproj", "{39BF2BA8-09B0-4D53-989E-BDDDE3200A8E}"
EndProject
Global
	GlobalSection(SolutionConfigurationPlatforms) = preSolution
		Debug|Any CPU = Debug|Any CPU
		Release|Any CPU = Release|Any CPU
	EndGlobalSection
	GlobalSection(ProjectConfigurationPlatforms) = postSolution
		{39BF2BA8-09B0-4D53-989E-BDDDE3200A8E}.Debug|Any CPU.ActiveCfg = Debug|Any CPU
		{39BF2BA8-09B0-4D53-989E-BDDDE3200A8E}.Debug|Any CPU.Build.0 = Debug|Any CPU
		{39BF2BA8-09B0-4D53-989E-BDDDE3200A8E}.Release|Any CPU.ActiveCfg = Release|Any CPU
		{39BF2BA8-09B0-4D53-989E-BDDDE3200A8E}.Release|Any CPU.Build.0 = Release|Any CPU
	EndGlobalSection
	GlobalSection(SolutionProperties) = preSolution
		HideSolutionNode = FALSE
	EndGlobalSection
	GlobalSection(ExtensibilityGlobals) = postSolution
		SolutionGuid = {A5CC6DF6-215E-4D5C-B72B-DD9AE1198709}
	EndGlobalSection
EndGlobal
