
Microsoft Visual Studio Solution File, Format Version 12.00
# Visual Studio Version 17
VisualStudioVersion = 17.10.35027.167
MinimumVisualStudioVersion = 10.0.40219.1
Project("{FAE04EC0-301F-11D3-BF4B-00C04F79EFBC}") = "Real-world", "Real-world\Real-world.csproj", "{F479D9E4-B36D-42D3-BC44-274E0EC169A9}"
EndProject
Global
	GlobalSection(SolutionConfigurationPlatforms) = preSolution
		Debug|Any CPU = Debug|Any CPU
		Release|Any CPU = Release|Any CPU
	EndGlobalSection
	GlobalSection(ProjectConfigurationPlatforms) = postSolution
		{F479D9E4-B36D-42D3-BC44-274E0EC169A9}.Debug|Any CPU.ActiveCfg = Debug|Any CPU
		{F479D9E4-B36D-42D3-BC44-274E0EC169A9}.Debug|Any CPU.Build.0 = Debug|Any CPU
		{F479D9E4-B36D-42D3-BC44-274E0EC169A9}.Release|Any CPU.ActiveCfg = Release|Any CPU
		{F479D9E4-B36D-42D3-BC44-274E0EC169A9}.Release|Any CPU.Build.0 = Release|Any CPU
	EndGlobalSection
	GlobalSection(SolutionProperties) = preSolution
		HideSolutionNode = FALSE
	EndGlobalSection
	GlobalSection(ExtensibilityGlobals) = postSolution
		SolutionGuid = {E3490E6D-AD10-49C0-A1DF-FA138A1D7137}
	EndGlobalSection
EndGlobal
