
Microsoft Visual Studio Solution File, Format Version 12.00
# Visual Studio Version 17
VisualStudioVersion = 17.13.35818.85 d17.13
MinimumVisualStudioVersion = 10.0.40219.1
Project("{FAE04EC0-301F-11D3-BF4B-00C04F79EFBC}") = "DPM225437_TranThiYenLinh_Pattern09_Decorator", "DPM225437_TranThiYenLinh_Pattern09_Decorator\DPM225437_TranThiYenLinh_Pattern09_Decorator.csproj", "{6A6B7C75-A9DA-4BFE-8753-A88E13CC3FCA}"
EndProject
Global
	GlobalSection(SolutionConfigurationPlatforms) = preSolution
		Debug|Any CPU = Debug|Any CPU
		Release|Any CPU = Release|Any CPU
	EndGlobalSection
	GlobalSection(ProjectConfigurationPlatforms) = postSolution
		{6A6B7C75-A9DA-4BFE-8753-A88E13CC3FCA}.Debug|Any CPU.ActiveCfg = Debug|Any CPU
		{6A6B7C75-A9DA-4BFE-8753-A88E13CC3FCA}.Debug|Any CPU.Build.0 = Debug|Any CPU
		{6A6B7C75-A9DA-4BFE-8753-A88E13CC3FCA}.Release|Any CPU.ActiveCfg = Release|Any CPU
		{6A6B7C75-A9DA-4BFE-8753-A88E13CC3FCA}.Release|Any CPU.Build.0 = Release|Any CPU
	EndGlobalSection
	GlobalSection(SolutionProperties) = preSolution
		HideSolutionNode = FALSE
	EndGlobalSection
	GlobalSection(ExtensibilityGlobals) = postSolution
		SolutionGuid = {DD631C70-EAED-45E1-965A-8FBE5C3D9B96}
	EndGlobalSection
EndGlobal
