
Microsoft Visual Studio Solution File, Format Version 12.00
# Visual Studio Version 17
VisualStudioVersion = 17.10.35027.167
MinimumVisualStudioVersion = 10.0.40219.1
Project("{FAE04EC0-301F-11D3-BF4B-00C04F79EFBC}") = "Real-world", "Real-world\Real-world.csproj", "{1E0F2C33-A5F3-4D93-BC09-5822706AD543}"
EndProject
Global
	GlobalSection(SolutionConfigurationPlatforms) = preSolution
		Debug|Any CPU = Debug|Any CPU
		Release|Any CPU = Release|Any CPU
	EndGlobalSection
	GlobalSection(ProjectConfigurationPlatforms) = postSolution
		{1E0F2C33-A5F3-4D93-BC09-5822706AD543}.Debug|Any CPU.ActiveCfg = Debug|Any CPU
		{1E0F2C33-A5F3-4D93-BC09-5822706AD543}.Debug|Any CPU.Build.0 = Debug|Any CPU
		{1E0F2C33-A5F3-4D93-BC09-5822706AD543}.Release|Any CPU.ActiveCfg = Release|Any CPU
		{1E0F2C33-A5F3-4D93-BC09-5822706AD543}.Release|Any CPU.Build.0 = Release|Any CPU
	EndGlobalSection
	GlobalSection(SolutionProperties) = preSolution
		HideSolutionNode = FALSE
	EndGlobalSection
	GlobalSection(ExtensibilityGlobals) = postSolution
		SolutionGuid = {99BD1098-FC89-495F-9EB2-60B4CA4C2822}
	EndGlobalSection
EndGlobal
