
Microsoft Visual Studio Solution File, Format Version 12.00
# Visual Studio Version 17
VisualStudioVersion = 17.13.35818.85 d17.13
MinimumVisualStudioVersion = 10.0.40219.1
Project("{FAE04EC0-301F-11D3-BF4B-00C04F79EFBC}") = "DPM225437_TranThiYenLinh_Real07_Bridge", "DPM225437_TranThiYenLinh_Real01_Bridge\DPM225437_TranThiYenLinh_Real07_Bridge.csproj", "{30C2A4C4-72AD-42C4-BFC5-0E0547B9CC79}"
EndProject
Global
	GlobalSection(SolutionConfigurationPlatforms) = preSolution
		Debug|Any CPU = Debug|Any CPU
		Release|Any CPU = Release|Any CPU
	EndGlobalSection
	GlobalSection(ProjectConfigurationPlatforms) = postSolution
		{30C2A4C4-72AD-42C4-BFC5-0E0547B9CC79}.Debug|Any CPU.ActiveCfg = Debug|Any CPU
		{30C2A4C4-72AD-42C4-BFC5-0E0547B9CC79}.Debug|Any CPU.Build.0 = Debug|Any CPU
		{30C2A4C4-72AD-42C4-BFC5-0E0547B9CC79}.Release|Any CPU.ActiveCfg = Release|Any CPU
		{30C2A4C4-72AD-42C4-BFC5-0E0547B9CC79}.Release|Any CPU.Build.0 = Release|Any CPU
	EndGlobalSection
	GlobalSection(SolutionProperties) = preSolution
		HideSolutionNode = FALSE
	EndGlobalSection
	GlobalSection(ExtensibilityGlobals) = postSolution
		SolutionGuid = {23B65F44-9E97-4998-A6D0-D2F13A0A1A51}
	EndGlobalSection
EndGlobal
