
Microsoft Visual Studio Solution File, Format Version 12.00
# Visual Studio Version 17
VisualStudioVersion = 17.10.35027.167
MinimumVisualStudioVersion = 10.0.40219.1
Project("{FAE04EC0-301F-11D3-BF4B-00C04F79EFBC}") = "Pattern_Iterator", "Pattern_Iterator\Pattern_Iterator.csproj", "{311577F7-D0C7-4EDC-983C-EBB80E2927DA}"
EndProject
Global
	GlobalSection(SolutionConfigurationPlatforms) = preSolution
		Debug|Any CPU = Debug|Any CPU
		Release|Any CPU = Release|Any CPU
	EndGlobalSection
	GlobalSection(ProjectConfigurationPlatforms) = postSolution
		{311577F7-D0C7-4EDC-983C-EBB80E2927DA}.Debug|Any CPU.ActiveCfg = Debug|Any CPU
		{311577F7-D0C7-4EDC-983C-EBB80E2927DA}.Debug|Any CPU.Build.0 = Debug|Any CPU
		{311577F7-D0C7-4EDC-983C-EBB80E2927DA}.Release|Any CPU.ActiveCfg = Release|Any CPU
		{311577F7-D0C7-4EDC-983C-EBB80E2927DA}.Release|Any CPU.Build.0 = Release|Any CPU
	EndGlobalSection
	GlobalSection(SolutionProperties) = preSolution
		HideSolutionNode = FALSE
	EndGlobalSection
	GlobalSection(ExtensibilityGlobals) = postSolution
		SolutionGuid = {B78A54D2-1D6A-4D86-831E-B37D3D87BF95}
	EndGlobalSection
EndGlobal
