
Microsoft Visual Studio Solution File, Format Version 12.00
# Visual Studio Version 17
VisualStudioVersion = 17.13.35818.85 d17.13
MinimumVisualStudioVersion = 10.0.40219.1
Project("{FAE04EC0-301F-11D3-BF4B-00C04F79EFBC}") = "DPM225437_TranThiYenLinh_MyWorld08_Composite", "DPM225437_TranThiYenLinh_MyWorld08_Composite\DPM225437_TranThiYenLinh_MyWorld08_Composite.csproj", "{117A17B2-2A60-4640-87DC-59819E200703}"
EndProject
Global
	GlobalSection(SolutionConfigurationPlatforms) = preSolution
		Debug|Any CPU = Debug|Any CPU
		Release|Any CPU = Release|Any CPU
	EndGlobalSection
	GlobalSection(ProjectConfigurationPlatforms) = postSolution
		{117A17B2-2A60-4640-87DC-59819E200703}.Debug|Any CPU.ActiveCfg = Debug|Any CPU
		{117A17B2-2A60-4640-87DC-59819E200703}.Debug|Any CPU.Build.0 = Debug|Any CPU
		{117A17B2-2A60-4640-87DC-59819E200703}.Release|Any CPU.ActiveCfg = Release|Any CPU
		{117A17B2-2A60-4640-87DC-59819E200703}.Release|Any CPU.Build.0 = Release|Any CPU
	EndGlobalSection
	GlobalSection(SolutionProperties) = preSolution
		HideSolutionNode = FALSE
	EndGlobalSection
	GlobalSection(ExtensibilityGlobals) = postSolution
		SolutionGuid = {AE5B6E0A-8BC6-4C3B-BAEF-08BF2FFE20D3}
	EndGlobalSection
EndGlobal
